
Microsoft Visual Studio Solution File, Format Version 12.00
# Visual Studio Version 16
VisualStudioVersion = 16.0.29102.190
MinimumVisualStudioVersion = 10.0.40219.1
Project("{FAE04EC0-301F-11D3-BF4B-00C04F79EFBC}") = "MvcAuth", "MvcAuth\MvcAuth.csproj", "{585BA3E0-68E1-45E5-86D2-13FFA91A97BC}"
EndProject
Global
	GlobalSection(SolutionConfigurationPlatforms) = preSolution
		Debug|Any CPU = Debug|Any CPU
		Release|Any CPU = Release|Any CPU
	EndGlobalSection
	GlobalSection(ProjectConfigurationPlatforms) = postSolution
		{585BA3E0-68E1-45E5-86D2-13FFA91A97BC}.Debug|Any CPU.ActiveCfg = Debug|Any CPU
		{585BA3E0-68E1-45E5-86D2-13FFA91A97BC}.Debug|Any CPU.Build.0 = Debug|Any CPU
		{585BA3E0-68E1-45E5-86D2-13FFA91A97BC}.Release|Any CPU.ActiveCfg = Release|Any CPU
		{585BA3E0-68E1-45E5-86D2-13FFA91A97BC}.Release|Any CPU.Build.0 = Release|Any CPU
	EndGlobalSection
	GlobalSection(SolutionProperties) = preSolution
		HideSolutionNode = FALSE
	EndGlobalSection
	GlobalSection(ExtensibilityGlobals) = postSolution
		SolutionGuid = {C3E8E715-2462-4768-B241-C86F9DDE88B9}
	EndGlobalSection
EndGlobal
